
Microsoft Visual Studio Solution File, Format Version 12.00
# Visual Studio Version 17
VisualStudioVersion = 17.2.32516.85
MinimumVisualStudioVersion = 10.0.40219.1
Project("{FAE04EC0-301F-11D3-BF4B-00C04F79EFBC}") = "TemperatureMonitoring.WPF", "TemperatureMonitoring\TemperatureMonitoring.WPF.csproj", "{8A022EB2-4EA1-4FD6-B27F-7FD877C14DAE}"
EndProject
Project("{FAE04EC0-301F-11D3-BF4B-00C04F79EFBC}") = "TemperatureMonitoring.Core", "TemperatureMonitoring.Core\TemperatureMonitoring.Core.csproj", "{8E94A9D7-BBD2-4E0A-97C7-09100D449915}"
EndProject
Project("{FAE04EC0-301F-11D3-BF4B-00C04F79EFBC}") = "TemperatureMonitoringConsole", "TemperatureMonitoringConsole\TemperatureMonitoringConsole.csproj", "{E545F297-2D30-4AD3-8D13-99CB36DFD431}"
EndProject
Global
	GlobalSection(SolutionConfigurationPlatforms) = preSolution
		Debug|Any CPU = Debug|Any CPU
		Release|Any CPU = Release|Any CPU
	EndGlobalSection
	GlobalSection(ProjectConfigurationPlatforms) = postSolution
		{8A022EB2-4EA1-4FD6-B27F-7FD877C14DAE}.Debug|Any CPU.ActiveCfg = Debug|Any CPU
		{8A022EB2-4EA1-4FD6-B27F-7FD877C14DAE}.Debug|Any CPU.Build.0 = Debug|Any CPU
		{8A022EB2-4EA1-4FD6-B27F-7FD877C14DAE}.Release|Any CPU.ActiveCfg = Release|Any CPU
		{8A022EB2-4EA1-4FD6-B27F-7FD877C14DAE}.Release|Any CPU.Build.0 = Release|Any CPU
		{8E94A9D7-BBD2-4E0A-97C7-09100D449915}.Debug|Any CPU.ActiveCfg = Debug|Any CPU
		{8E94A9D7-BBD2-4E0A-97C7-09100D449915}.Debug|Any CPU.Build.0 = Debug|Any CPU
		{8E94A9D7-BBD2-4E0A-97C7-09100D449915}.Release|Any CPU.ActiveCfg = Release|Any CPU
		{8E94A9D7-BBD2-4E0A-97C7-09100D449915}.Release|Any CPU.Build.0 = Release|Any CPU
		{E545F297-2D30-4AD3-8D13-99CB36DFD431}.Debug|Any CPU.ActiveCfg = Debug|Any CPU
		{E545F297-2D30-4AD3-8D13-99CB36DFD431}.Debug|Any CPU.Build.0 = Debug|Any CPU
		{E545F297-2D30-4AD3-8D13-99CB36DFD431}.Release|Any CPU.ActiveCfg = Release|Any CPU
		{E545F297-2D30-4AD3-8D13-99CB36DFD431}.Release|Any CPU.Build.0 = Release|Any CPU
	EndGlobalSection
	GlobalSection(SolutionProperties) = preSolution
		HideSolutionNode = FALSE
	EndGlobalSection
	GlobalSection(ExtensibilityGlobals) = postSolution
		SolutionGuid = {EF41422F-AD0D-493D-B2C7-560BDDB8E28F}
	EndGlobalSection
EndGlobal
